
Microsoft Visual Studio Solution File, Format Version 12.00
# Visual Studio 15
Project("{FAE04EC0-301F-11D3-BF4B-00C04F79EFBC}") = "Assembly-CSharp", "Assembly-CSharp.csproj", "{F7DC28E7-A0D9-E2E4-0960-E9A6FA24ABF0}"
EndProject
Project("{FAE04EC0-301F-11D3-BF4B-00C04F79EFBC}") = "Assembly-CSharp-Editor", "Assembly-CSharp-Editor.csproj", "{DB02F8D0-9092-9697-3BEB-B9F273C09112}"
EndProject
Global
	GlobalSection(SolutionConfigurationPlatforms) = preSolution
		Debug|Any CPU = Debug|Any CPU
		Release|Any CPU = Release|Any CPU
	EndGlobalSection
	GlobalSection(ProjectConfigurationPlatforms) = postSolution
		{F7DC28E7-A0D9-E2E4-0960-E9A6FA24ABF0}.Debug|Any CPU.ActiveCfg = Debug|Any CPU
		{F7DC28E7-A0D9-E2E4-0960-E9A6FA24ABF0}.Debug|Any CPU.Build.0 = Debug|Any CPU
		{F7DC28E7-A0D9-E2E4-0960-E9A6FA24ABF0}.Release|Any CPU.ActiveCfg = Release|Any CPU
		{F7DC28E7-A0D9-E2E4-0960-E9A6FA24ABF0}.Release|Any CPU.Build.0 = Release|Any CPU
		{DB02F8D0-9092-9697-3BEB-B9F273C09112}.Debug|Any CPU.ActiveCfg = Debug|Any CPU
		{DB02F8D0-9092-9697-3BEB-B9F273C09112}.Debug|Any CPU.Build.0 = Debug|Any CPU
		{DB02F8D0-9092-9697-3BEB-B9F273C09112}.Release|Any CPU.ActiveCfg = Release|Any CPU
		{DB02F8D0-9092-9697-3BEB-B9F273C09112}.Release|Any CPU.Build.0 = Release|Any CPU
	EndGlobalSection
	GlobalSection(SolutionProperties) = preSolution
		HideSolutionNode = FALSE
	EndGlobalSection
EndGlobal
